
Microsoft Visual Studio Solution File, Format Version 12.00
# Visual Studio 2013
VisualStudioVersion = 12.0.31101.0
MinimumVisualStudioVersion = 10.0.40219.1
Project("{FAE04EC0-301F-11D3-BF4B-00C04F79EFBC}") = "MessageApp", "MessageApp\MessageApp.csproj", "{FA34D4C9-DA1D-4D39-AB8F-FFB1DB4199EC}"
EndProject
Project("{FAE04EC0-301F-11D3-BF4B-00C04F79EFBC}") = "Sender", "Sender\Sender.csproj", "{3F470F77-72D6-456E-A06C-13A2893EB383}"
EndProject
Project("{FAE04EC0-301F-11D3-BF4B-00C04F79EFBC}") = "MessageWCF", "MessageWCF\MessageWCF.csproj", "{8217AE6C-7585-490E-AAE8-19E5E9B18783}"
EndProject
Global
	GlobalSection(SolutionConfigurationPlatforms) = preSolution
		Debug|Any CPU = Debug|Any CPU
		Release|Any CPU = Release|Any CPU
	EndGlobalSection
	GlobalSection(ProjectConfigurationPlatforms) = postSolution
		{FA34D4C9-DA1D-4D39-AB8F-FFB1DB4199EC}.Debug|Any CPU.ActiveCfg = Debug|Any CPU
		{FA34D4C9-DA1D-4D39-AB8F-FFB1DB4199EC}.Debug|Any CPU.Build.0 = Debug|Any CPU
		{FA34D4C9-DA1D-4D39-AB8F-FFB1DB4199EC}.Release|Any CPU.ActiveCfg = Release|Any CPU
		{FA34D4C9-DA1D-4D39-AB8F-FFB1DB4199EC}.Release|Any CPU.Build.0 = Release|Any CPU
		{3F470F77-72D6-456E-A06C-13A2893EB383}.Debug|Any CPU.ActiveCfg = Debug|Any CPU
		{3F470F77-72D6-456E-A06C-13A2893EB383}.Debug|Any CPU.Build.0 = Debug|Any CPU
		{3F470F77-72D6-456E-A06C-13A2893EB383}.Release|Any CPU.ActiveCfg = Release|Any CPU
		{3F470F77-72D6-456E-A06C-13A2893EB383}.Release|Any CPU.Build.0 = Release|Any CPU
		{8217AE6C-7585-490E-AAE8-19E5E9B18783}.Debug|Any CPU.ActiveCfg = Debug|Any CPU
		{8217AE6C-7585-490E-AAE8-19E5E9B18783}.Debug|Any CPU.Build.0 = Debug|Any CPU
		{8217AE6C-7585-490E-AAE8-19E5E9B18783}.Release|Any CPU.ActiveCfg = Release|Any CPU
		{8217AE6C-7585-490E-AAE8-19E5E9B18783}.Release|Any CPU.Build.0 = Release|Any CPU
	EndGlobalSection
	GlobalSection(SolutionProperties) = preSolution
		HideSolutionNode = FALSE
	EndGlobalSection
EndGlobal
